
Microsoft Visual Studio Solution File, Format Version 12.00
# Visual Studio Version 16
VisualStudioVersion = 16.0.30804.86
MinimumVisualStudioVersion = 10.0.40219.1
Project("{FAE04EC0-301F-11D3-BF4B-00C04F79EFBC}") = "ClassMetotDemo", "ClassMetotDemo\ClassMetotDemo.csproj", "{FD490254-F3EF-426E-94E0-5E1C9E6C2E69}"
EndProject
Global
	GlobalSection(SolutionConfigurationPlatforms) = preSolution
		Debug|Any CPU = Debug|Any CPU
		Release|Any CPU = Release|Any CPU
	EndGlobalSection
	GlobalSection(ProjectConfigurationPlatforms) = postSolution
		{FD490254-F3EF-426E-94E0-5E1C9E6C2E69}.Debug|Any CPU.ActiveCfg = Debug|Any CPU
		{FD490254-F3EF-426E-94E0-5E1C9E6C2E69}.Debug|Any CPU.Build.0 = Debug|Any CPU
		{FD490254-F3EF-426E-94E0-5E1C9E6C2E69}.Release|Any CPU.ActiveCfg = Release|Any CPU
		{FD490254-F3EF-426E-94E0-5E1C9E6C2E69}.Release|Any CPU.Build.0 = Release|Any CPU
	EndGlobalSection
	GlobalSection(SolutionProperties) = preSolution
		HideSolutionNode = FALSE
	EndGlobalSection
	GlobalSection(ExtensibilityGlobals) = postSolution
		SolutionGuid = {AAC049CB-1602-482D-9D58-1466DC8D9E1D}
	EndGlobalSection
EndGlobal
